
Microsoft Visual Studio Solution File, Format Version 12.00
# Visual Studio Version 16
VisualStudioVersion = 16.0.29009.5
MinimumVisualStudioVersion = 10.0.40219.1
Project("{FAE04EC0-301F-11D3-BF4B-00C04F79EFBC}") = "IdentityServerIDP", "IdentityServerIDP\IdentityServerIDP.csproj", "{D21DFB47-1CC2-4210-BAC2-F7DC55FE31F4}"
EndProject
Project("{FAE04EC0-301F-11D3-BF4B-00C04F79EFBC}") = "IdentityServerAPI", "IdentityServerAPI\IdentityServerAPI.csproj", "{6AEF1DC7-C1A3-45FC-85F1-30F87D2A541D}"
EndProject
Project("{FAE04EC0-301F-11D3-BF4B-00C04F79EFBC}") = "IdentityServerClient", "IdentityServerClient\IdentityServerClient.csproj", "{42D4B540-5278-4011-AA0C-F8BE222D782A}"
EndProject
Global
	GlobalSection(SolutionConfigurationPlatforms) = preSolution
		Debug|Any CPU = Debug|Any CPU
		Release|Any CPU = Release|Any CPU
	EndGlobalSection
	GlobalSection(ProjectConfigurationPlatforms) = postSolution
		{D21DFB47-1CC2-4210-BAC2-F7DC55FE31F4}.Debug|Any CPU.ActiveCfg = Debug|Any CPU
		{D21DFB47-1CC2-4210-BAC2-F7DC55FE31F4}.Debug|Any CPU.Build.0 = Debug|Any CPU
		{D21DFB47-1CC2-4210-BAC2-F7DC55FE31F4}.Release|Any CPU.ActiveCfg = Release|Any CPU
		{D21DFB47-1CC2-4210-BAC2-F7DC55FE31F4}.Release|Any CPU.Build.0 = Release|Any CPU
		{6AEF1DC7-C1A3-45FC-85F1-30F87D2A541D}.Debug|Any CPU.ActiveCfg = Debug|Any CPU
		{6AEF1DC7-C1A3-45FC-85F1-30F87D2A541D}.Debug|Any CPU.Build.0 = Debug|Any CPU
		{6AEF1DC7-C1A3-45FC-85F1-30F87D2A541D}.Release|Any CPU.ActiveCfg = Release|Any CPU
		{6AEF1DC7-C1A3-45FC-85F1-30F87D2A541D}.Release|Any CPU.Build.0 = Release|Any CPU
		{42D4B540-5278-4011-AA0C-F8BE222D782A}.Debug|Any CPU.ActiveCfg = Debug|Any CPU
		{42D4B540-5278-4011-AA0C-F8BE222D782A}.Debug|Any CPU.Build.0 = Debug|Any CPU
		{42D4B540-5278-4011-AA0C-F8BE222D782A}.Release|Any CPU.ActiveCfg = Release|Any CPU
		{42D4B540-5278-4011-AA0C-F8BE222D782A}.Release|Any CPU.Build.0 = Release|Any CPU
	EndGlobalSection
	GlobalSection(SolutionProperties) = preSolution
		HideSolutionNode = FALSE
	EndGlobalSection
	GlobalSection(ExtensibilityGlobals) = postSolution
		SolutionGuid = {D4048A8D-653D-4EBA-9182-802AB7A3B12E}
	EndGlobalSection
EndGlobal
